// !$*UTF8*$!
{
	archiveVersion = 1;
	classes = {
	};
	objectVersion = 46;
	objects = {

/* Begin PBXBuildFile section */
		91036F451DCA76B80037661E /* AppDelegate.swift in Sources */ = {isa = PBXBuildFile; fileRef = 91036F441DCA76B80037661E /* AppDelegate.swift */; };
		91036F471DCA76B80037661E /* GameScene.sks in Resources */ = {isa = PBXBuildFile; fileRef = 91036F461DCA76B80037661E /* GameScene.sks */; };
		91036F491DCA76B80037661E /* Actions.sks in Resources */ = {isa = PBXBuildFile; fileRef = 91036F481DCA76B80037661E /* Actions.sks */; };
		91036F4B1DCA76B80037661E /* GameScene.swift in Sources */ = {isa = PBXBuildFile; fileRef = 91036F4A1DCA76B80037661E /* GameScene.swift */; };
		91036F4D1DCA76B80037661E /* GameViewController.swift in Sources */ = {isa = PBXBuildFile; fileRef = 91036F4C1DCA76B80037661E /* GameViewController.swift */; };
		91036F501DCA76B80037661E /* Main.storyboard in Resources */ = {isa = PBXBuildFile; fileRef = 91036F4E1DCA76B80037661E /* Main.storyboard */; };
		91036F521DCA76B80037661E /* Assets.xcassets in Resources */ = {isa = PBXBuildFile; fileRef = 91036F511DCA76B80037661E /* Assets.xcassets */; };
		91036F551DCA76B80037661E /* LaunchScreen.storyboard in Resources */ = {isa = PBXBuildFile; fileRef = 91036F531DCA76B80037661E /* LaunchScreen.storyboard */; };
		91036F5D1DCB94490037661E /* LLPIXEL3.ttf in Resources */ = {isa = PBXBuildFile; fileRef = 91036F5C1DCB94490037661E /* LLPIXEL3.ttf */; };
		91C120941E25B0DF00F0DB73 /* MenuVC.swift in Sources */ = {isa = PBXBuildFile; fileRef = 91C120931E25B0DF00F0DB73 /* MenuVC.swift */; };
/* End PBXBuildFile section */

/* Begin PBXFileReference section */
		91036F411DCA76B80037661E /* Pong.app */ = {isa = PBXFileReference; explicitFileType = wrapper.application; includeInIndex = 0; path = Pong.app; sourceTree = BUILT_PRODUCTS_DIR; };
		91036F441DCA76B80037661E /* AppDelegate.swift */ = {isa = PBXFileReference; lastKnownFileType = sourcecode.swift; path = AppDelegate.swift; sourceTree = "<group>"; };
		91036F461DCA76B80037661E /* GameScene.sks */ = {isa = PBXFileReference; lastKnownFileType = file.sks; path = GameScene.sks; sourceTree = "<group>"; };
		91036F481DCA76B80037661E /* Actions.sks */ = {isa = PBXFileReference; lastKnownFileType = file.sks; path = Actions.sks; sourceTree = "<group>"; };
		91036F4A1DCA76B80037661E /* GameScene.swift */ = {isa = PBXFileReference; lastKnownFileType = sourcecode.swift; path = GameScene.swift; sourceTree = "<group>"; };
		91036F4C1DCA76B80037661E /* GameViewController.swift */ = {isa = PBXFileReference; lastKnownFileType = sourcecode.swift; path = GameViewController.swift; sourceTree = "<group>"; };
		91036F4F1DCA76B80037661E /* Base */ = {isa = PBXFileReference; lastKnownFileType = file.storyboard; name = Base; path = Base.lproj/Main.storyboard; sourceTree = "<group>"; };
		91036F511DCA76B80037661E /* Assets.xcassets */ = {isa = PBXFileReference; lastKnownFileType = folder.assetcatalog; path = Assets.xcassets; sourceTree = "<group>"; };
		91036F541DCA76B80037661E /* Base */ = {isa = PBXFileReference; lastKnownFileType = file.storyboard; name = Base; path = Base.lproj/LaunchScreen.storyboard; sourceTree = "<group>"; };
		91036F561DCA76B80037661E /* Info.plist */ = {isa = PBXFileReference; lastKnownFileType = text.plist.xml; path = Info.plist; sourceTree = "<group>"; };
		91036F5C1DCB94490037661E /* LLPIXEL3.ttf */ = {isa = PBXFileReference; lastKnownFileType = file; path = LLPIXEL3.ttf; sourceTree = "<group>"; };
		91C120931E25B0DF00F0DB73 /* MenuVC.swift */ = {isa = PBXFileReference; fileEncoding = 4; lastKnownFileType = sourcecode.swift; path = MenuVC.swift; sourceTree = "<group>"; };
/* End PBXFileReference section */

/* Begin PBXFrameworksBuildPhase section */
		91036F3E1DCA76B70037661E /* Frameworks */ = {
			isa = PBXFrameworksBuildPhase;
			buildActionMask = 2147483647;
			files = (
			);
			runOnlyForDeploymentPostprocessing = 0;
		};
/* End PBXFrameworksBuildPhase section */

/* Begin PBXGroup section */
		91036F381DCA76B70037661E = {
			isa = PBXGroup;
			children = (
				91036F431DCA76B80037661E /* Pong */,
				91036F421DCA76B80037661E /* Products */,
			);
			sourceTree = "<group>";
		};
		91036F421DCA76B80037661E /* Products */ = {
			isa = PBXGroup;
			children = (
				91036F411DCA76B80037661E /* Pong.app */,
			);
			name = Products;
			sourceTree = "<group>";
		};
		91036F431DCA76B80037661E /* Pong */ = {
			isa = PBXGroup;
			children = (
				91036F441DCA76B80037661E /* AppDelegate.swift */,
				91036F461DCA76B80037661E /* GameScene.sks */,
				91036F481DCA76B80037661E /* Actions.sks */,
				91036F4A1DCA76B80037661E /* GameScene.swift */,
				91036F4C1DCA76B80037661E /* GameViewController.swift */,
				91036F4E1DCA76B80037661E /* Main.storyboard */,
				91C120931E25B0DF00F0DB73 /* MenuVC.swift */,
				91036F511DCA76B80037661E /* Assets.xcassets */,
				91036F5C1DCB94490037661E /* LLPIXEL3.ttf */,
				91036F531DCA76B80037661E /* LaunchScreen.storyboard */,
				91036F561DCA76B80037661E /* Info.plist */,
			);
			path = Pong;
			sourceTree = "<group>";
		};
/* End PBXGroup section */

/* Begin PBXNativeTarget section */
		91036F401DCA76B70037661E /* Pong */ = {
			isa = PBXNativeTarget;
			buildConfigurationList = 91036F591DCA76B80037661E /* Build configuration list for PBXNativeTarget "Pong" */;
			buildPhases = (
				91036F3D1DCA76B70037661E /* Sources */,
				91036F3E1DCA76B70037661E /* Frameworks */,
				91036F3F1DCA76B70037661E /* Resources */,
			);
			buildRules = (
			);
			dependencies = (
			);
			name = Pong;
			productName = Pong;
			productReference = 91036F411DCA76B80037661E /* Pong.app */;
			productType = "com.apple.product-type.application";
		};
/* End PBXNativeTarget section */

/* Begin PBXProject section */
		91036F391DCA76B70037661E /* Project object */ = {
			isa = PBXProject;
			attributes = {
				LastSwiftUpdateCheck = 0810;
				LastUpgradeCheck = 0810;
				ORGANIZATIONNAME = Bennett;
				TargetAttributes = {
					91036F401DCA76B70037661E = {
						CreatedOnToolsVersion = 8.1;
						DevelopmentTeam = L6BTPYG3M7;
						ProvisioningStyle = Automatic;
					};
				};
			};
			buildConfigurationList = 91036F3C1DCA76B70037661E /* Build configuration list for PBXProject "Pong" */;
			compatibilityVersion = "Xcode 3.2";
			developmentRegion = English;
			hasScannedForEncodings = 0;
			knownRegions = (
				en,
				Base,
			);
			mainGroup = 91036F381DCA76B70037661E;
			productRefGroup = 91036F421DCA76B80037661E /* Products */;
			projectDirPath = "";
			projectRoot = "";
			targets = (
				91036F401DCA76B70037661E /* Pong */,
			);
		};
/* End PBXProject section */

/* Begin PBXResourcesBuildPhase section */
		91036F3F1DCA76B70037661E /* Resources */ = {
			isa = PBXResourcesBuildPhase;
			buildActionMask = 2147483647;
			files = (
				91036F501DCA76B80037661E /* Main.storyboard in Resources */,
				91036F5D1DCB94490037661E /* LLPIXEL3.ttf in Resources */,
				91036F471DCA76B80037661E /* GameScene.sks in Resources */,
				91036F521DCA76B80037661E /* Assets.xcassets in Resources */,
				91036F551DCA76B80037661E /* LaunchScreen.storyboard in Resources */,
				91036F491DCA76B80037661E /* Actions.sks in Resources */,
			);
			runOnlyForDeploymentPostprocessing = 0;
		};
/* End PBXResourcesBuildPhase section */

/* Begin PBXSourcesBuildPhase section */
		91036F3D1DCA76B70037661E /* Sources */ = {
			isa = PBXSourcesBuildPhase;
			buildActionMask = 2147483647;
			files = (
				91036F4B1DCA76B80037661E /* GameScene.swift in Sources */,
				91C120941E25B0DF00F0DB73 /* MenuVC.swift in Sources */,
				91036F4D1DCA76B80037661E /* GameViewController.swift in Sources */,
				91036F451DCA76B80037661E /* AppDelegate.swift in Sources */,
			);
			runOnlyForDeploymentPostprocessing = 0;
		};
/* End PBXSourcesBuildPhase section */

/* Begin PBXVariantGroup section */
		91036F4E1DCA76B80037661E /* Main.storyboard */ = {
			isa = PBXVariantGroup;
			children = (
				91036F4F1DCA76B80037661E /* Base */,
			);
			name = Main.storyboard;
			sourceTree = "<group>";
		};
		91036F531DCA76B80037661E /* LaunchScreen.storyboard */ = {
			isa = PBXVariantGroup;
			children = (
				91036F541DCA76B80037661E /* Base */,
			);
			name = LaunchScreen.storyboard;
			sourceTree = "<group>";
		};
/* End PBXVariantGroup section */

/* Begin XCBuildConfiguration section */
		91036F571DCA76B80037661E /* Debug */ = {
			isa = XCBuildConfiguration;
			buildSettings = {
				ALWAYS_SEARCH_USER_PATHS = NO;
				CLANG_ANALYZER_NONNULL = YES;
				CLANG_CXX_LANGUAGE_STANDARD = "gnu++0x";
				CLANG_CXX_LIBRARY = "libc++";
				CLANG_ENABLE_MODULES = YES;
				CLANG_ENABLE_OBJC_ARC = YES;
				CLANG_WARN_BOOL_CONVERSION = YES;
				CLANG_WARN_CONSTANT_CONVERSION = YES;
				CLANG_WARN_DIRECT_OBJC_ISA_USAGE = YES_ERROR;
				CLANG_WARN_DOCUMENTATION_COMMENTS = YES;
				CLANG_WARN_EMPTY_BODY = YES;
				CLANG_WARN_ENUM_CONVERSION = YES;
				CLANG_WARN_INFINITE_RECURSION = YES;
				CLANG_WARN_INT_CONVERSION = YES;
				CLANG_WARN_OBJC_ROOT_CLASS = YES_ERROR;
				CLANG_WARN_SUSPICIOUS_MOVES = YES;
				CLANG_WARN_UNREACHABLE_CODE = YES;
				CLANG_WARN__DUPLICATE_METHOD_MATCH = YES;
				"CODE_SIGN_IDENTITY[sdk=iphoneos*]" = "iPhone Developer";
				COPY_PHASE_STRIP = NO;
				DEBUG_INFORMATION_FORMAT = dwarf;
				ENABLE_STRICT_OBJC_MSGSEND = YES;
				ENABLE_TESTABILITY = YES;
				GCC_C_LANGUAGE_STANDARD = gnu99;
				GCC_DYNAMIC_NO_PIC = NO;
				GCC_NO_COMMON_BLOCKS = YES;
				GCC_OPTIMIZATION_LEVEL = 0;
				GCC_PREPROCESSOR_DEFINITIONS = (
					"DEBUG=1",
					"$(inherited)",
				);
				GCC_WARN_64_TO_32_BIT_CONVERSION = YES;
				GCC_WARN_ABOUT_RETURN_TYPE = YES_ERROR;
				GCC_WARN_UNDECLARED_SELECTOR = YES;
				GCC_WARN_UNINITIALIZED_AUTOS = YES_AGGRESSIVE;
				GCC_WARN_UNUSED_FUNCTION = YES;
				GCC_WARN_UNUSED_VARIABLE = YES;
				IPHONEOS_DEPLOYMENT_TARGET = 10.1;
				MTL_ENABLE_DEBUG_INFO = YES;
				ONLY_ACTIVE_ARCH = YES;
				SDKROOT = iphoneos;
				SWIFT_ACTIVE_COMPILATION_CONDITIONS = DEBUG;
				SWIFT_OPTIMIZATION_LEVEL = "-Onone";
				TARGETED_DEVICE_FAMILY = "1,2";
			};
			name = Debug;
		};
		91036F581DCA76B80037661E /* Release */ = {
			isa = XCBuildConfiguration;
			buildSettings = {
				ALWAYS_SEARCH_USER_PATHS = NO;
				CLANG_ANALYZER_NONNULL = YES;
				CLANG_CXX_LANGUAGE_STANDARD = "gnu++0x";
				CLANG_CXX_LIBRARY = "libc++";
				CLANG_ENABLE_MODULES = YES;
				CLANG_ENABLE_OBJC_ARC = YES;
				CLANG_WARN_BOOL_CONVERSION = YES;
				CLANG_WARN_CONSTANT_CONVERSION = YES;
				CLANG_WARN_DIRECT_OBJC_ISA_USAGE = YES_ERROR;
				CLANG_WARN_DOCUMENTATION_COMMENTS = YES;
				CLANG_WARN_EMPTY_BODY = YES;
				CLANG_WARN_ENUM_CONVERSION = YES;
				CLANG_WARN_INFINITE_RECURSION = YES;
				CLANG_WARN_INT_CONVERSION = YES;
				CLANG_WARN_OBJC_ROOT_CLASS = YES_ERROR;
				CLANG_WARN_SUSPICIOUS_MOVES = YES;
				CLANG_WARN_UNREACHABLE_CODE = YES;
				CLANG_WARN__DUPLICATE_METHOD_MATCH = YES;
				"CODE_SIGN_IDENTITY[sdk=iphoneos*]" = "iPhone Developer";
				COPY_PHASE_STRIP = NO;
				DEBUG_INFORMATION_FORMAT = "dwarf-with-dsym";
				ENABLE_NS_ASSERTIONS = NO;
				ENABLE_STRICT_OBJC_MSGSEND = YES;
				GCC_C_LANGUAGE_STANDARD = gnu99;
				GCC_NO_COMMON_BLOCKS = YES;
				GCC_WARN_64_TO_32_BIT_CONVERSION = YES;
				GCC_WARN_ABOUT_RETURN_TYPE = YES_ERROR;
				GCC_WARN_UNDECLARED_SELECTOR = YES;
				GCC_WARN_UNINITIALIZED_AUTOS = YES_AGGRESSIVE;
				GCC_WARN_UNUSED_FUNCTION = YES;
				GCC_WARN_UNUSED_VARIABLE = YES;
				IPHONEOS_DEPLOYMENT_TARGET = 10.1;
				MTL_ENABLE_DEBUG_INFO = NO;
				SDKROOT = iphoneos;
				SWIFT_OPTIMIZATION_LEVEL = "-Owholemodule";
				TARGETED_DEVICE_FAMILY = "1,2";
				VALIDATE_PRODUCT = YES;
			};
			name = Release;
		};
		91036F5A1DCA76B80037661E /* Debug */ = {
			isa = XCBuildConfiguration;
			buildSettings = {
				ASSETCATALOG_COMPILER_APPICON_NAME = AppIcon;
				DEVELOPMENT_TEAM = L6BTPYG3M7;
				INFOPLIST_FILE = Pong/Info.plist;
				LD_RUNPATH_SEARCH_PATHS = "$(inherited) @executable_path/Frameworks";
				PRODUCT_BUNDLE_IDENTIFIER = com.Bennett.Pong;
				PRODUCT_NAME = "$(TARGET_NAME)";
				SWIFT_VERSION = 3.0;
			};
			name = Debug;
		};
		91036F5B1DCA76B80037661E /* Release */ = {
			isa = XCBuildConfiguration;
			buildSettings = {
				ASSETCATALOG_COMPILER_APPICON_NAME = AppIcon;
				DEVELOPMENT_TEAM = L6BTPYG3M7;
				INFOPLIST_FILE = Pong/Info.plist;
				LD_RUNPATH_SEARCH_PATHS = "$(inherited) @executable_path/Frameworks";
				PRODUCT_BUNDLE_IDENTIFIER = com.Bennett.Pong;
				PRODUCT_NAME = "$(TARGET_NAME)";
				SWIFT_VERSION = 3.0;
			};
			name = Release;
		};
/* End XCBuildConfiguration section */

/* Begin XCConfigurationList section */
		91036F3C1DCA76B70037661E /* Build configuration list for PBXProject "Pong" */ = {
			isa = XCConfigurationList;
			buildConfigurations = (
				91036F571DCA76B80037661E /* Debug */,
				91036F581DCA76B80037661E /* Release */,
			);
			defaultConfigurationIsVisible = 0;
			defaultConfigurationName = Release;
		};
		91036F591DCA76B80037661E /* Build configuration list for PBXNativeTarget "Pong" */ = {
			isa = XCConfigurationList;
			buildConfigurations = (
				91036F5A1DCA76B80037661E /* Debug */,
				91036F5B1DCA76B80037661E /* Release */,
			);
			defaultConfigurationIsVisible = 0;
			defaultConfigurationName = Release;
		};
/* End XCConfigurationList section */
	};
	rootObject = 91036F391DCA76B70037661E /* Project object */;
}
